# THIS IS AN AUTOGENERATED FILE. DO NOT EDIT THIS FILE DIRECTLY.
sections/footer.liquid:
  development: 2017-12-08T17:25:29-05:00   738d83334559668914dc2663d9f1c390
sections/header.liquid:
  development: 2017-12-08T17:32:35-05:00   f742c61e6f1d4b8ed3ac8847f0474898
templates/index.liquid:
  development: 2017-12-08T16:11:07-05:00   a5c993334f00b5d2466170ecb111c408
templates/page.treatment.liquid:
  development: 2017-12-08T17:36:50-05:00   e4032fdeb37caef605d53b0ca0113810
